<Solution>
  <Project Path="TUnit 1.65.68/TUnit 1.65.68/TUnit 1.65.68.csproj" />
  <Project Path="TUnit 1.65.68/WebApp/WebApp.csproj" />
  <Project Path="TUnit.Mixed 1.65.68/TUnit.Mixed 1.65.68.csproj" />
  <Project Path="TUnit.Mocks 1.65.68/TUnit.Mocks 1.65.68/TUnit.Mocks 1.65.68.csproj" />
  <Project Path="TUnit.Mocks 1.65.68/VendorSdk/VendorSdk.csproj" />
  <Project Path="AdvancedPatterns/AdvancedPatterns.Tests.csproj" />
  <Project Path="TUnit.Patterns 1.65.68/TUnit.Patterns 1.65.68.csproj" />
  <Project Path="TUnit.Patterns.Policies 1.65.68/TUnit.Patterns.Policies 1.65.68.csproj" />
  <Project Path="TUnit.Playwright 1.65.68/TUnit.Playwright 1.65.68.csproj" />
</Solution>
